
Microsoft Visual Studio Solution File, Format Version 12.00
# Visual Studio Version 16
VisualStudioVersion = 16.0.33529.622
MinimumVisualStudioVersion = 10.0.40219.1
Project("{FAE04EC0-301F-11D3-BF4B-00C04F79EFBC}") = "PDFViewerExt.Android", "PDFViewerExt\PDFViewerExt.Android\PDFViewerExt.Android.csproj", "{83C846E2-29E4-4850-B5A0-F148792B3F82}"
EndProject
Project("{FAE04EC0-301F-11D3-BF4B-00C04F79EFBC}") = "PDFViewerExt", "PDFViewerExt\PDFViewerExt\PDFViewerExt.csproj", "{F6C2CD16-FF44-419B-96B0-B3618E1A8F73}"
EndProject
Global
	GlobalSection(SolutionConfigurationPlatforms) = preSolution
		Debug|Any CPU = Debug|Any CPU
		Release|Any CPU = Release|Any CPU
	EndGlobalSection
	GlobalSection(ProjectConfigurationPlatforms) = postSolution
		{83C846E2-29E4-4850-B5A0-F148792B3F82}.Debug|Any CPU.ActiveCfg = Debug|Any CPU
		{83C846E2-29E4-4850-B5A0-F148792B3F82}.Debug|Any CPU.Build.0 = Debug|Any CPU
		{83C846E2-29E4-4850-B5A0-F148792B3F82}.Debug|Any CPU.Deploy.0 = Debug|Any CPU
		{83C846E2-29E4-4850-B5A0-F148792B3F82}.Release|Any CPU.ActiveCfg = Release|Any CPU
		{83C846E2-29E4-4850-B5A0-F148792B3F82}.Release|Any CPU.Build.0 = Release|Any CPU
		{83C846E2-29E4-4850-B5A0-F148792B3F82}.Release|Any CPU.Deploy.0 = Release|Any CPU
		{F6C2CD16-FF44-419B-96B0-B3618E1A8F73}.Debug|Any CPU.ActiveCfg = Debug|Any CPU
		{F6C2CD16-FF44-419B-96B0-B3618E1A8F73}.Debug|Any CPU.Build.0 = Debug|Any CPU
		{F6C2CD16-FF44-419B-96B0-B3618E1A8F73}.Debug|Any CPU.Deploy.0 = Debug|Any CPU
		{F6C2CD16-FF44-419B-96B0-B3618E1A8F73}.Release|Any CPU.ActiveCfg = Release|Any CPU
		{F6C2CD16-FF44-419B-96B0-B3618E1A8F73}.Release|Any CPU.Build.0 = Release|Any CPU
		{F6C2CD16-FF44-419B-96B0-B3618E1A8F73}.Release|Any CPU.Deploy.0 = Release|Any CPU
	EndGlobalSection
	GlobalSection(SolutionProperties) = preSolution
		HideSolutionNode = FALSE
	EndGlobalSection
	GlobalSection(ExtensibilityGlobals) = postSolution
		SolutionGuid = {70B3DB92-6967-4184-9430-B24747E627A0}
	EndGlobalSection
EndGlobal
